
Microsoft Visual Studio Solution File, Format Version 12.00
# Visual Studio 2012
Project("{FAE04EC0-301F-11D3-BF4B-00C04F79EFBC}") = "Yang-Framework", "Yang-Framework\Yang-Framework.csproj", "{5883811C-1031-48CD-96EB-BACB326866E5}"
EndProject
Global
	GlobalSection(SolutionConfigurationPlatforms) = preSolution
		Debug|Any CPU = Debug|Any CPU
		Release|Any CPU = Release|Any CPU
	EndGlobalSection
	GlobalSection(ProjectConfigurationPlatforms) = postSolution
		{5883811C-1031-48CD-96EB-BACB326866E5}.Debug|Any CPU.ActiveCfg = Debug|Any CPU
		{5883811C-1031-48CD-96EB-BACB326866E5}.Debug|Any CPU.Build.0 = Debug|Any CPU
		{5883811C-1031-48CD-96EB-BACB326866E5}.Release|Any CPU.ActiveCfg = Release|Any CPU
		{5883811C-1031-48CD-96EB-BACB326866E5}.Release|Any CPU.Build.0 = Release|Any CPU
	EndGlobalSection
	GlobalSection(SolutionProperties) = preSolution
		HideSolutionNode = FALSE
	EndGlobalSection
EndGlobal
